
Microsoft Visual Studio Solution File, Format Version 12.00
# Visual Studio Version 16
VisualStudioVersion = 16.0.31205.134
MinimumVisualStudioVersion = 10.0.40219.1
Project("{FAE04EC0-301F-11D3-BF4B-00C04F79EFBC}") = "RMDataManager", "RMDataManager\RMDataManager.csproj", "{B158BE08-7089-4E5A-8195-292F81A732D4}"
EndProject
Project("{00D1A9C2-B5F0-4AF3-8072-F6C62B433612}") = "RMData", "RMData\RMData.sqlproj", "{0CA642FC-2149-41B8-AA31-739FB0B01371}"
EndProject
Project("{FAE04EC0-301F-11D3-BF4B-00C04F79EFBC}") = "RMDesktopUI", "RMDesktopUI\RMDesktopUI.csproj", "{D1F51395-532D-4072-BF13-7D806CA06D2A}"
EndProject
Project("{9A19103F-16F7-4668-BE54-9A1E7A4F7556}") = "RMDataManager.Library", "RMDataManager.Library\RMDataManager.Library.csproj", "{C60E7CAE-3EEA-4751-8C5B-450D9DAB1AFE}"
EndProject
Project("{9A19103F-16F7-4668-BE54-9A1E7A4F7556}") = "RMDesktopUI.Library", "RMDesktopUI.Library\RMDesktopUI.Library.csproj", "{E4FE84ED-7AA3-4FA4-8B9D-6020A9FE58B7}"
EndProject
Project("{2150E333-8FDC-42A3-9474-1A3956D46DE8}") = "Database", "Database", "{CCFDFD6B-3B47-498B-BE74-754AF6E19BBE}"
EndProject
Project("{2150E333-8FDC-42A3-9474-1A3956D46DE8}") = "API", "API", "{12912D27-255F-4781-B954-08C4DB72B86A}"
EndProject
Project("{2150E333-8FDC-42A3-9474-1A3956D46DE8}") = "WPF", "WPF", "{DC90C68C-5EC8-4742-98F4-0BAE77CC8C15}"
EndProject
Project("{FAE04EC0-301F-11D3-BF4B-00C04F79EFBC}") = "RMApi", "RMApi\RMApi.csproj", "{8195CB28-4D3B-48F3-B11B-6763DB921007}"
EndProject
Global
	GlobalSection(SolutionConfigurationPlatforms) = preSolution
		Debug|Any CPU = Debug|Any CPU
		Release|Any CPU = Release|Any CPU
	EndGlobalSection
	GlobalSection(ProjectConfigurationPlatforms) = postSolution
		{B158BE08-7089-4E5A-8195-292F81A732D4}.Debug|Any CPU.ActiveCfg = Debug|Any CPU
		{B158BE08-7089-4E5A-8195-292F81A732D4}.Debug|Any CPU.Build.0 = Debug|Any CPU
		{B158BE08-7089-4E5A-8195-292F81A732D4}.Release|Any CPU.ActiveCfg = Release|Any CPU
		{B158BE08-7089-4E5A-8195-292F81A732D4}.Release|Any CPU.Build.0 = Release|Any CPU
		{0CA642FC-2149-41B8-AA31-739FB0B01371}.Debug|Any CPU.ActiveCfg = Debug|Any CPU
		{0CA642FC-2149-41B8-AA31-739FB0B01371}.Debug|Any CPU.Build.0 = Debug|Any CPU
		{0CA642FC-2149-41B8-AA31-739FB0B01371}.Debug|Any CPU.Deploy.0 = Debug|Any CPU
		{0CA642FC-2149-41B8-AA31-739FB0B01371}.Release|Any CPU.ActiveCfg = Release|Any CPU
		{0CA642FC-2149-41B8-AA31-739FB0B01371}.Release|Any CPU.Build.0 = Release|Any CPU
		{0CA642FC-2149-41B8-AA31-739FB0B01371}.Release|Any CPU.Deploy.0 = Release|Any CPU
		{D1F51395-532D-4072-BF13-7D806CA06D2A}.Debug|Any CPU.ActiveCfg = Debug|Any CPU
		{D1F51395-532D-4072-BF13-7D806CA06D2A}.Debug|Any CPU.Build.0 = Debug|Any CPU
		{D1F51395-532D-4072-BF13-7D806CA06D2A}.Release|Any CPU.ActiveCfg = Release|Any CPU
		{D1F51395-532D-4072-BF13-7D806CA06D2A}.Release|Any CPU.Build.0 = Release|Any CPU
		{C60E7CAE-3EEA-4751-8C5B-450D9DAB1AFE}.Debug|Any CPU.ActiveCfg = Debug|Any CPU
		{C60E7CAE-3EEA-4751-8C5B-450D9DAB1AFE}.Debug|Any CPU.Build.0 = Debug|Any CPU
		{C60E7CAE-3EEA-4751-8C5B-450D9DAB1AFE}.Release|Any CPU.ActiveCfg = Release|Any CPU
		{C60E7CAE-3EEA-4751-8C5B-450D9DAB1AFE}.Release|Any CPU.Build.0 = Release|Any CPU
		{E4FE84ED-7AA3-4FA4-8B9D-6020A9FE58B7}.Debug|Any CPU.ActiveCfg = Debug|Any CPU
		{E4FE84ED-7AA3-4FA4-8B9D-6020A9FE58B7}.Debug|Any CPU.Build.0 = Debug|Any CPU
		{E4FE84ED-7AA3-4FA4-8B9D-6020A9FE58B7}.Release|Any CPU.ActiveCfg = Release|Any CPU
		{E4FE84ED-7AA3-4FA4-8B9D-6020A9FE58B7}.Release|Any CPU.Build.0 = Release|Any CPU
		{8195CB28-4D3B-48F3-B11B-6763DB921007}.Debug|Any CPU.ActiveCfg = Debug|Any CPU
		{8195CB28-4D3B-48F3-B11B-6763DB921007}.Debug|Any CPU.Build.0 = Debug|Any CPU
		{8195CB28-4D3B-48F3-B11B-6763DB921007}.Release|Any CPU.ActiveCfg = Release|Any CPU
		{8195CB28-4D3B-48F3-B11B-6763DB921007}.Release|Any CPU.Build.0 = Release|Any CPU
	EndGlobalSection
	GlobalSection(SolutionProperties) = preSolution
		HideSolutionNode = FALSE
	EndGlobalSection
	GlobalSection(NestedProjects) = preSolution
		{B158BE08-7089-4E5A-8195-292F81A732D4} = {12912D27-255F-4781-B954-08C4DB72B86A}
		{0CA642FC-2149-41B8-AA31-739FB0B01371} = {CCFDFD6B-3B47-498B-BE74-754AF6E19BBE}
		{D1F51395-532D-4072-BF13-7D806CA06D2A} = {DC90C68C-5EC8-4742-98F4-0BAE77CC8C15}
		{C60E7CAE-3EEA-4751-8C5B-450D9DAB1AFE} = {12912D27-255F-4781-B954-08C4DB72B86A}
		{E4FE84ED-7AA3-4FA4-8B9D-6020A9FE58B7} = {DC90C68C-5EC8-4742-98F4-0BAE77CC8C15}
		{8195CB28-4D3B-48F3-B11B-6763DB921007} = {12912D27-255F-4781-B954-08C4DB72B86A}
	EndGlobalSection
	GlobalSection(ExtensibilityGlobals) = postSolution
		SolutionGuid = {6A2FB937-BF83-49FE-9956-D457A2015B9E}
	EndGlobalSection
EndGlobal
